
Microsoft Visual Studio Solution File, Format Version 12.00
# Visual Studio Version 16
VisualStudioVersion = 16.0.30523.141
MinimumVisualStudioVersion = 10.0.40219.1
Project("{FAE04EC0-301F-11D3-BF4B-00C04F79EFBC}") = "WebApplication1", "WebApplication1.csproj", "{70598219-B95A-4B36-8C82-C28846527E31}"
EndProject
Global
	GlobalSection(SolutionConfigurationPlatforms) = preSolution
		Debug|Any CPU = Debug|Any CPU
		Release|Any CPU = Release|Any CPU
	EndGlobalSection
	GlobalSection(ProjectConfigurationPlatforms) = postSolution
		{70598219-B95A-4B36-8C82-C28846527E31}.Debug|Any CPU.ActiveCfg = Debug|Any CPU
		{70598219-B95A-4B36-8C82-C28846527E31}.Debug|Any CPU.Build.0 = Debug|Any CPU
		{70598219-B95A-4B36-8C82-C28846527E31}.Release|Any CPU.ActiveCfg = Release|Any CPU
		{70598219-B95A-4B36-8C82-C28846527E31}.Release|Any CPU.Build.0 = Release|Any CPU
	EndGlobalSection
	GlobalSection(SolutionProperties) = preSolution
		HideSolutionNode = FALSE
	EndGlobalSection
	GlobalSection(ExtensibilityGlobals) = postSolution
		SolutionGuid = {5D842737-2D72-4792-B4B2-EEDA7EF20EF7}
	EndGlobalSection
EndGlobal
